
Microsoft Visual Studio Solution File, Format Version 12.00
# Visual Studio Version 16
VisualStudioVersion = 16.0.30804.86
MinimumVisualStudioVersion = 10.0.40219.1
Project("{FAE04EC0-301F-11D3-BF4B-00C04F79EFBC}") = "Shark", "Shark.csproj", "{AB7055EA-8895-4D91-ACB0-F5FB6D854745}"
EndProject
Global
	GlobalSection(SolutionConfigurationPlatforms) = preSolution
		Debug|Any CPU = Debug|Any CPU
		Release|Any CPU = Release|Any CPU
	EndGlobalSection
	GlobalSection(ProjectConfigurationPlatforms) = postSolution
		{AB7055EA-8895-4D91-ACB0-F5FB6D854745}.Debug|Any CPU.ActiveCfg = Debug|Any CPU
		{AB7055EA-8895-4D91-ACB0-F5FB6D854745}.Debug|Any CPU.Build.0 = Debug|Any CPU
		{AB7055EA-8895-4D91-ACB0-F5FB6D854745}.Release|Any CPU.ActiveCfg = Release|Any CPU
		{AB7055EA-8895-4D91-ACB0-F5FB6D854745}.Release|Any CPU.Build.0 = Release|Any CPU
	EndGlobalSection
	GlobalSection(SolutionProperties) = preSolution
		HideSolutionNode = FALSE
	EndGlobalSection
	GlobalSection(ExtensibilityGlobals) = postSolution
		SolutionGuid = {C539D4DA-3BE9-4E43-9A7A-3EADE15B2BD1}
	EndGlobalSection
EndGlobal
